ca-certificates=20250419
git=1:2.47.3-0+deb13u1
git-man=1:2.47.3-0+deb13u1
libbrotli1:arm64=1.1.0-2+b7
libcom-err2:arm64=1.47.2-3+b12
libcurl3t64-gnutls:arm64=8.14.1-2+deb13u5
liberror-perl=0.17030-1
libexpat1:arm64=2.8.3-1~deb13u1
libgdbm-compat4t64:arm64=1.24-2
libgnutls30t64:arm64=3.8.9-3+deb13u4
libgssapi-krb5-2:arm64=1.21.3-5+deb13u1
libidn2-0:arm64=2.3.8-2
libk5crypto3:arm64=1.21.3-5+deb13u1
libkeyutils1:arm64=1.6.3-6
libkrb5-3:arm64=1.21.3-5+deb13u1
libkrb5support0:arm64=1.21.3-5+deb13u1
libldap2:arm64=2.6.10+dfsg-1
libnghttp2-14:arm64=1.64.0-1.1+deb13u1
libnghttp3-9:arm64=1.8.0-1
libngtcp2-16:arm64=1.11.0-1+deb13u1
libngtcp2-crypto-gnutls8:arm64=1.11.0-1+deb13u1
libp11-kit0:arm64=0.25.5-3
libperl5.40:arm64=5.40.1-6+deb13u1
libpsl5t64:arm64=0.21.2-1.1+b1
librtmp1:arm64=2.4+20151223.gitfa8646d.1-2+b5
libsasl2-2:arm64=2.1.28+dfsg1-9
libsasl2-modules-db:arm64=2.1.28+dfsg1-9
libssh2-1t64:arm64=1.11.1-1+deb13u2
libtasn1-6:arm64=4.20.0-2+deb13u1
libunistring5:arm64=1.3-2
perl=5.40.1-6+deb13u1
perl-base=5.40.1-6+deb13u1
perl-modules-5.40=5.40.1-6+deb13u1
